{
  "name": "js-wheels",
  "version": "1.0.0",
  "lockfileVersion": 3,
  "requires": true,
  "packages": {
    "": {
      "name": "js-wheels",
      "version": "1.0.0",
      "dependencies": {
        "lit": "^3.2.0"
      },
      "devDependencies": {
        "@rsbuild/core": "1.0.1-rc.4"
      }
    },
    "node_modules/@lit-labs/ssr-dom-shim": {
      "version": "1.2.1",
      "resolved": "https://registry.npmmirror.com/@lit-labs/ssr-dom-shim/-/ssr-dom-shim-1.2.1.tgz",
      "integrity": "sha512-wx4aBmgeGvFmOKucFKY+8VFJSYZxs9poN3SDNQFF6lT6NrQUnHiPB2PWz2sc4ieEcAaYYzN+1uWahEeTq2aRIQ=="
    },
    "node_modules/@lit/reactive-element": {
      "version": "2.0.4",
      "resolved": "https://registry.npmmirror.com/@lit/reactive-element/-/reactive-element-2.0.4.tgz",
      "integrity": "sha512-GFn91inaUa2oHLak8awSIigYz0cU0Payr1rcFsrkf5OJ5eSPxElyZfKh0f2p9FsTiZWXQdWGJeXZICEfXXYSXQ==",
      "dependencies": {
        "@lit-labs/ssr-dom-shim": "^1.2.0"
      }
    },
    "node_modules/@module-federation/runtime": {
      "version": "0.5.1",
      "resolved": "https://registry.npmmirror.com/@module-federation/runtime/-/runtime-0.5.1.tgz",
      "integrity": "sha512-xgiMUWwGLWDrvZc9JibuEbXIbhXg6z2oUkemogSvQ4LKvrl/n0kbqP1Blk669mXzyWbqtSp6PpvNdwaE1aN5xQ==",
      "dev": true,
      "dependencies": {
        "@module-federation/sdk": "0.5.1"
      }
    },
    "node_modules/@module-federation/runtime-tools": {
      "version": "0.5.1",
      "resolved": "https://registry.npmmirror.com/@module-federation/runtime-tools/-/runtime-tools-0.5.1.tgz",
      "integrity": "sha512-nfBedkoZ3/SWyO0hnmaxuz0R0iGPSikHZOAZ0N/dVSQaIzlffUo35B5nlC2wgWIc0JdMZfkwkjZRrnuuDIJbzg==",
      "dev": true,
      "dependencies": {
        "@module-federation/runtime": "0.5.1",
        "@module-federation/webpack-bundler-runtime": "0.5.1"
      }
    },
    "node_modules/@module-federation/sdk": {
      "version": "0.5.1",
      "resolved": "https://registry.npmmirror.com/@module-federation/sdk/-/sdk-0.5.1.tgz",
      "integrity": "sha512-exvchtjNURJJkpqjQ3/opdbfeT2wPKvrbnGnyRkrwW5o3FH1LaST1tkiNviT6OXTexGaVc2DahbdniQHVtQ7pA==",
      "dev": true
    },
    "node_modules/@module-federation/webpack-bundler-runtime": {
      "version": "0.5.1",
      "resolved": "https://registry.npmmirror.com/@module-federation/webpack-bundler-runtime/-/webpack-bundler-runtime-0.5.1.tgz",
      "integrity": "sha512-mMhRFH0k2VjwHt3Jol9JkUsmI/4XlrAoBG3E0o7HoyoPYv1UFOWyqAflfANcUPgbYpvqmyLzDcO+3IT36LXnrA==",
      "dev": true,
      "dependencies": {
        "@module-federation/runtime": "0.5.1",
        "@module-federation/sdk": "0.5.1"
      }
    },
    "node_modules/@rsbuild/core": {
      "version": "1.0.1-rc.4",
      "resolved": "https://registry.npmmirror.com/@rsbuild/core/-/core-1.0.1-rc.4.tgz",
      "integrity": "sha512-JlouV5M+azv9YP6hD11rHeUns8Yk9sQN9QmMCKhutG75j1TCEKmrL0O7UmE89+uKlJTnL5Pyzy29TLO5ncIRjg==",
      "dev": true,
      "dependencies": {
        "@rspack/core": "~1.0.3",
        "@rspack/lite-tapable": "~1.0.0",
        "@swc/helpers": "^0.5.12",
        "caniuse-lite": "^1.0.30001655",
        "core-js": "~3.38.1"
      },
      "bin": {
        "rsbuild": "bin/rsbuild.js"
      },
      "engines": {
        "node": ">=16.7.0"
      },
      "optionalDependencies": {
        "fsevents": "~2.3.3"
      }
    },
    "node_modules/@rspack/binding": {
      "version": "1.0.3",
      "resolved": "https://registry.npmmirror.com/@rspack/binding/-/binding-1.0.3.tgz",
      "integrity": "sha512-wRLUDyi/6jFDDZJIov4uh9H9hJNk7JKDEhaMLM/5lJzzWsTLBB/q6JB1VAdIzOzBhYsU8iIMEVuG3Uih1H43uw==",
      "dev": true,
      "optionalDependencies": {
        "@rspack/binding-darwin-arm64": "1.0.3",
        "@rspack/binding-darwin-x64": "1.0.3",
        "@rspack/binding-linux-arm64-gnu": "1.0.3",
        "@rspack/binding-linux-arm64-musl": "1.0.3",
        "@rspack/binding-linux-x64-gnu": "1.0.3",
        "@rspack/binding-linux-x64-musl": "1.0.3",
        "@rspack/binding-win32-arm64-msvc": "1.0.3",
        "@rspack/binding-win32-ia32-msvc": "1.0.3",
        "@rspack/binding-win32-x64-msvc": "1.0.3"
      }
    },
    "node_modules/@rspack/binding-darwin-arm64": {
      "version": "1.0.3",
      "resolved": "https://registry.npmmirror.com/@rspack/binding-darwin-arm64/-/binding-darwin-arm64-1.0.3.tgz",
      "integrity": "sha512-MZlQpDRJkjIJJqmYMiziwz9vLXi1KjORYW6hemC2umDfOzUmlkRPBUF8oEqXaUQ+zYLbjhk4iTSbFdrlqUR+6w==",
      "cpu": [
        "arm64"
      ],
      "dev": true,
      "optional": true,
      "os": [
        "darwin"
      ]
    },
    "node_modules/@rspack/binding-darwin-x64": {
      "version": "1.0.3",
      "resolved": "https://registry.npmmirror.com/@rspack/binding-darwin-x64/-/binding-darwin-x64-1.0.3.tgz",
      "integrity": "sha512-Ke8Tw3+j5YFFIHjlqrEDnW5fbZU14s+l5LhLVaw6gVXH4yAAyFaZejaIViGi5fhKkdKmCXm0nVTK1KhhASZxAw==",
      "cpu": [
        "x64"
      ],
      "dev": true,
      "optional": true,
      "os": [
        "darwin"
      ]
    },
    "node_modules/@rspack/binding-linux-arm64-gnu": {
      "version": "1.0.3",
      "resolved": "https://registry.npmmirror.com/@rspack/binding-linux-arm64-gnu/-/binding-linux-arm64-gnu-1.0.3.tgz",
      "integrity": "sha512-Ydm6rsBnPYlKfWtz6sPRgAgJ5fQ+zFSHplR4bFlARIOXeWPn7ckQvFZrmKexuR0ULjG3Z4sbfrU6udc2MAWvig==",
      "cpu": [
        "arm64"
      ],
      "dev": true,
      "optional": true,
      "os": [
        "linux"
      ]
    },
    "node_modules/@rspack/binding-linux-arm64-musl": {
      "version": "1.0.3",
      "resolved": "https://registry.npmmirror.com/@rspack/binding-linux-arm64-musl/-/binding-linux-arm64-musl-1.0.3.tgz",
      "integrity": "sha512-2aS65Xne3W6qJJ5PN5oL/bMbkUeYpsQduT+ML6vY6hqvi6W6wYtkvHwscQ4HisxKQFWdB2bsE1+UT34XgHpijw==",
      "cpu": [
        "arm64"
      ],
      "dev": true,
      "optional": true,
      "os": [
        "linux"
      ]
    },
    "node_modules/@rspack/binding-linux-x64-gnu": {
      "version": "1.0.3",
      "resolved": "https://registry.npmmirror.com/@rspack/binding-linux-x64-gnu/-/binding-linux-x64-gnu-1.0.3.tgz",
      "integrity": "sha512-6UWii/GBkV0B98RSjJr9Za5Y8rvU1vQpE5+8vb26pvo3Sh3kvRfOmSeIFyqR3I92er5SQKmEp8uggb74st6QGQ==",
      "cpu": [
        "x64"
      ],
      "dev": true,
      "optional": true,
      "os": [
        "linux"
      ]
    },
    "node_modules/@rspack/binding-linux-x64-musl": {
      "version": "1.0.3",
      "resolved": "https://registry.npmmirror.com/@rspack/binding-linux-x64-musl/-/binding-linux-x64-musl-1.0.3.tgz",
      "integrity": "sha512-tpKGPJEe6vkkH3bsDz+l7xndNrOGxDvbDVOXV0uSESnRr6Pef5253Bi5PNooGLSaWQlXVDdazhi6x1beVHI2eg==",
      "cpu": [
        "x64"
      ],
      "dev": true,
      "optional": true,
      "os": [
        "linux"
      ]
    },
    "node_modules/@rspack/binding-win32-arm64-msvc": {
      "version": "1.0.3",
      "resolved": "https://registry.npmmirror.com/@rspack/binding-win32-arm64-msvc/-/binding-win32-arm64-msvc-1.0.3.tgz",
      "integrity": "sha512-9FwP64T6yeq3cG1JQG0VagTMuJxJCT45G9LN5RTJ2kxJ4T28vL7uEc9usPpXOyd6xpbzTKXX0mVxL+c8x0EhZQ==",
      "cpu": [
        "arm64"
      ],
      "dev": true,
      "optional": true,
      "os": [
        "win32"
      ]
    },
    "node_modules/@rspack/binding-win32-ia32-msvc": {
      "version": "1.0.3",
      "resolved": "https://registry.npmmirror.com/@rspack/binding-win32-ia32-msvc/-/binding-win32-ia32-msvc-1.0.3.tgz",
      "integrity": "sha512-nXbeh0206bGiwV1vgY8UDk92sZ2yMvJenevnnLtGFSMTRQ46Z2f9n+mUO1GlvpanR1HAfhgPddlKasIncTJmPQ==",
      "cpu": [
        "ia32"
      ],
      "dev": true,
      "optional": true,
      "os": [
        "win32"
      ]
    },
    "node_modules/@rspack/binding-win32-x64-msvc": {
      "version": "1.0.3",
      "resolved": "https://registry.npmmirror.com/@rspack/binding-win32-x64-msvc/-/binding-win32-x64-msvc-1.0.3.tgz",
      "integrity": "sha512-htBi4xt+iXD/NCEo/q4fYSg5YfXymK9P9zI36NFvfguQbhwqy4JgBx0IorjDFl5qvG70sdUzY7x98DJEseGScQ==",
      "cpu": [
        "x64"
      ],
      "dev": true,
      "optional": true,
      "os": [
        "win32"
      ]
    },
    "node_modules/@rspack/core": {
      "version": "1.0.3",
      "resolved": "https://registry.npmmirror.com/@rspack/core/-/core-1.0.3.tgz",
      "integrity": "sha512-BqyBSrcTtsm1EDI10TrK6tEfNsy5vEnVDnbI0HBuQBH1zhKblnvsu6Y2bbS9+OGmB+OPEr76CmuZtzb+7V3wrQ==",
      "dev": true,
      "dependencies": {
        "@module-federation/runtime-tools": "0.5.1",
        "@rspack/binding": "1.0.3",
        "@rspack/lite-tapable": "1.0.0",
        "caniuse-lite": "^1.0.30001616"
      },
      "engines": {
        "node": ">=16.0.0"
      },
      "peerDependencies": {
        "@swc/helpers": ">=0.5.1"
      },
      "peerDependenciesMeta": {
        "@swc/helpers": {
          "optional": true
        }
      }
    },
    "node_modules/@rspack/lite-tapable": {
      "version": "1.0.0",
      "resolved": "https://registry.npmmirror.com/@rspack/lite-tapable/-/lite-tapable-1.0.0.tgz",
      "integrity": "sha512-7MZf4lburSUZoEenwazwUDKHhqyfnLCGnQ/tKcUtztfmVzfjZfRn/EaiT0AKkYGnL2U8AGsw89oUeVyvaOLVCw==",
      "dev": true,
      "engines": {
        "node": ">=16.0.0"
      }
    },
    "node_modules/@swc/helpers": {
      "version": "0.5.13",
      "resolved": "https://registry.npmmirror.com/@swc/helpers/-/helpers-0.5.13.tgz",
      "integrity": "sha512-UoKGxQ3r5kYI9dALKJapMmuK+1zWM/H17Z1+iwnNmzcJRnfFuevZs375TA5rW31pu4BS4NoSy1fRsexDXfWn5w==",
      "dev": true,
      "dependencies": {
        "tslib": "^2.4.0"
      }
    },
    "node_modules/@types/trusted-types": {
      "version": "2.0.7",
      "resolved": "https://registry.npmmirror.com/@types/trusted-types/-/trusted-types-2.0.7.tgz",
      "integrity": "sha512-ScaPdn1dQczgbl0QFTeTOmVHFULt394XJgOQNoyVhZ6r2vLnMLJfBPd53SB52T/3G36VI1/g2MZaX0cwDuXsfw=="
    },
    "node_modules/caniuse-lite": {
      "version": "1.0.30001658",
      "resolved": "https://registry.npmmirror.com/caniuse-lite/-/caniuse-lite-1.0.30001658.tgz",
      "integrity": "sha512-N2YVqWbJELVdrnsW5p+apoQyYt51aBMSsBZki1XZEfeBCexcM/sf4xiAHcXQBkuOwJBXtWF7aW1sYX6tKebPHw==",
      "dev": true,
      "funding": [
        {
          "type": "opencollective",
          "url": "https://opencollective.com/browserslist"
        },
        {
          "type": "tidelift",
          "url": "https://tidelift.com/funding/github/npm/caniuse-lite"
        },
        {
          "type": "github",
          "url": "https://github.com/sponsors/ai"
        }
      ]
    },
    "node_modules/core-js": {
      "version": "3.38.1",
      "resolved": "https://registry.npmmirror.com/core-js/-/core-js-3.38.1.tgz",
      "integrity": "sha512-OP35aUorbU3Zvlx7pjsFdu1rGNnD4pgw/CWoYzRY3t2EzoVT7shKHY1dlAy3f41cGIO7ZDPQimhGFTlEYkG/Hw==",
      "dev": true,
      "hasInstallScript": true,
      "funding": {
        "type": "opencollective",
        "url": "https://opencollective.com/core-js"
      }
    },
    "node_modules/fsevents": {
      "version": "2.3.3",
      "resolved": "https://registry.npmmirror.com/fsevents/-/fsevents-2.3.3.tgz",
      "integrity": "sha512-5xoDfX+fL7faATnagmWPpbFtwh/R77WmMMqqHGS65C3vvB0YHrgF+B1YmZ3441tMj5n63k0212XNoJwzlhffQw==",
      "dev": true,
      "hasInstallScript": true,
      "optional": true,
      "os": [
        "darwin"
      ],
      "engines": {
        "node": "^8.16.0 || ^10.6.0 || >=11.0.0"
      }
    },
    "node_modules/lit": {
      "version": "3.2.0",
      "resolved": "https://registry.npmmirror.com/lit/-/lit-3.2.0.tgz",
      "integrity": "sha512-s6tI33Lf6VpDu7u4YqsSX78D28bYQulM+VAzsGch4fx2H0eLZnJsUBsPWmGYSGoKDNbjtRv02rio1o+UdPVwvw==",
      "dependencies": {
        "@lit/reactive-element": "^2.0.4",
        "lit-element": "^4.1.0",
        "lit-html": "^3.2.0"
      }
    },
    "node_modules/lit-element": {
      "version": "4.1.0",
      "resolved": "https://registry.npmmirror.com/lit-element/-/lit-element-4.1.0.tgz",
      "integrity": "sha512-gSejRUQJuMQjV2Z59KAS/D4iElUhwKpIyJvZ9w+DIagIQjfJnhR20h2Q5ddpzXGS+fF0tMZ/xEYGMnKmaI/iww==",
      "dependencies": {
        "@lit-labs/ssr-dom-shim": "^1.2.0",
        "@lit/reactive-element": "^2.0.4",
        "lit-html": "^3.2.0"
      }
    },
    "node_modules/lit-html": {
      "version": "3.2.0",
      "resolved": "https://registry.npmmirror.com/lit-html/-/lit-html-3.2.0.tgz",
      "integrity": "sha512-pwT/HwoxqI9FggTrYVarkBKFN9MlTUpLrDHubTmW4SrkL3kkqW5gxwbxMMUnbbRHBC0WTZnYHcjDSCM559VyfA==",
      "dependencies": {
        "@types/trusted-types": "^2.0.2"
      }
    },
    "node_modules/tslib": {
      "version": "2.7.0",
      "resolved": "https://registry.npmmirror.com/tslib/-/tslib-2.7.0.tgz",
      "integrity": "sha512-gLXCKdN1/j47AiHiOkJN69hJmcbGTHI0ImLmbYLHykhgeN0jVGola9yVjFgzCUklsZQMW55o+dW7IXv3RCXDzA==",
      "dev": true
    }
  }
}
